
Microsoft Visual Studio Solution File, Format Version 12.00
# Visual Studio Version 16
VisualStudioVersion = 16.0.30309.148
MinimumVisualStudioVersion = 10.0.40219.1
Project("{FAE04EC0-301F-11D3-BF4B-00C04F79EFBC}") = "WordUnscrambler", "WordUnscrambler\WordUnscrambler.csproj", "{251BFAF1-A758-437B-96DD-274AC9C68969}"
EndProject
Global
	GlobalSection(SolutionConfigurationPlatforms) = preSolution
		Debug|Any CPU = Debug|Any CPU
		Release|Any CPU = Release|Any CPU
	EndGlobalSection
	GlobalSection(ProjectConfigurationPlatforms) = postSolution
		{251BFAF1-A758-437B-96DD-274AC9C68969}.Debug|Any CPU.ActiveCfg = Debug|Any CPU
		{251BFAF1-A758-437B-96DD-274AC9C68969}.Debug|Any CPU.Build.0 = Debug|Any CPU
		{251BFAF1-A758-437B-96DD-274AC9C68969}.Release|Any CPU.ActiveCfg = Release|Any CPU
		{251BFAF1-A758-437B-96DD-274AC9C68969}.Release|Any CPU.Build.0 = Release|Any CPU
	EndGlobalSection
	GlobalSection(SolutionProperties) = preSolution
		HideSolutionNode = FALSE
	EndGlobalSection
	GlobalSection(ExtensibilityGlobals) = postSolution
		SolutionGuid = {83476B37-25E5-4241-878B-D011C365D80B}
	EndGlobalSection
EndGlobal
